
Microsoft Visual Studio Solution File, Format Version 12.00
# Visual Studio Version 17
VisualStudioVersion = 17.6.33723.286
MinimumVisualStudioVersion = 10.0.40219.1
Project("{888888A0-9F3D-457C-B088-3A5042F75D52}") = "Platformer", "Platformer\Platformer.pyproj", "{1DAB24EE-EB45-4CE4-952F-BC2AE2DAE55B}"
EndProject
Global
	GlobalSection(SolutionConfigurationPlatforms) = preSolution
		Debug|Any CPU = Debug|Any CPU
		Release|Any CPU = Release|Any CPU
	EndGlobalSection
	GlobalSection(ProjectConfigurationPlatforms) = postSolution
		{1DAB24EE-EB45-4CE4-952F-BC2AE2DAE55B}.Debug|Any CPU.ActiveCfg = Debug|Any CPU
		{1DAB24EE-EB45-4CE4-952F-BC2AE2DAE55B}.Release|Any CPU.ActiveCfg = Release|Any CPU
	EndGlobalSection
	GlobalSection(SolutionProperties) = preSolution
		HideSolutionNode = FALSE
	EndGlobalSection
	GlobalSection(ExtensibilityGlobals) = postSolution
		SolutionGuid = {1161BDC7-22E0-4890-A121-E535B9FEF3A8}
	EndGlobalSection
EndGlobal
